{
  "name": "demo-npm-app",
  "version": "0.1.0",
  "lockfileVersion": 3,
  "requires": true,
  "packages": {
    "": {
      "name": "demo-npm-app",
      "version": "0.1.0",
      "dependencies": {
        "event-stream": "3.3.6",
        "lodash": "4.17.19"
      }
    },
    "node_modules/event-stream": {
      "version": "3.3.6",
      "resolved": "https://registry.npmjs.org/event-stream/-/event-stream-3.3.6.tgz",
      "integrity": "sha512-dGX1zuV0k18ZYHR8fcLE2hlGQIR1/6t0RCdQ/P5QC9AuZP6G+WQm3sZRNB8VtRI4dG0XBL3hOOt/kSZX2Aon7w==",
      "dependencies": {
        "duplexer": "0.1.1",
        "flatmap-stream": "0.1.2",
        "from": "0.1.7",
        "map-stream": "0.1.0",
        "pause-stream": "0.0.11",
        "split": "1.0.1",
        "stream-combiner": "0.2.2",
        "through": "2.3.8"
      }
    },
    "node_modules/flatmap-stream": {
      "version": "0.1.2",
      "resolved": "https://registry.npmjs.org/flatmap-stream/-/flatmap-stream-0.1.2.tgz",
      "integrity": "sha512-j3R8T5j7kUHi+9KJqDG7FQJPD7W82dMan3Z1Fc6NqO8ZZiJMcDgYkX3hGgw847jRHjE5CJUBa9hYjPOYhAIt9g=="
    },
    "node_modules/lodash": {
      "version": "4.17.19",
      "resolved": "https://registry.npmjs.org/lodash/-/lodash-4.17.19.tgz",
      "integrity": "sha512-JuVt0hTo6qZ3p2SOKC0IP+6UK2gWHzKz+S6UzRCcG8JcXweBzJnf5GdFb9yWVEsgnOcqH4vnNPB5wQp5qukzeg=="
    }
  },
  "dependencies": {
    "event-stream": {
      "version": "3.3.6",
      "resolved": "https://registry.npmjs.org/event-stream/-/event-stream-3.3.6.tgz",
      "integrity": "sha512-dGX1zuV0k18ZYHR8fcLE2hlGQIR1/6t0RCdQ/P5QC9AuZP6G+WQm3sZRNB8VtRI4dG0XBL3hOOt/kSZX2Aon7w==",
      "requires": {
        "duplexer": "0.1.1",
        "flatmap-stream": "0.1.2",
        "from": "0.1.7",
        "map-stream": "0.1.0",
        "pause-stream": "0.0.11",
        "split": "1.0.1",
        "stream-combiner": "0.2.2",
        "through": "2.3.8"
      }
    },
    "flatmap-stream": {
      "version": "0.1.2",
      "resolved": "https://registry.npmjs.org/flatmap-stream/-/flatmap-stream-0.1.2.tgz",
      "integrity": "sha512-j3R8T5j7kUHi+9KJqDG7FQJPD7W82dMan3Z1Fc6NqO8ZZiJMcDgYkX3hGgw847jRHjE5CJUBa9hYjPOYhAIt9g=="
    },
    "lodash": {
      "version": "4.17.19",
      "resolved": "https://registry.npmjs.org/lodash/-/lodash-4.17.19.tgz",
      "integrity": "sha512-JuVt0hTo6qZ3p2SOKC0IP+6UK2gWHzKz+S6UzRCcG8JcXweBzJnf5GdFb9yWVEsgnOcqH4vnNPB5wQp5qukzeg=="
    }
  }
}

